
Microsoft Visual Studio Solution File, Format Version 12.00
# Visual Studio Version 16
VisualStudioVersion = 16.0.29613.14
MinimumVisualStudioVersion = 15.0.26124.0
Project("{FAE04EC0-301F-11D3-BF4B-00C04F79EFBC}") = "FunctionApp", "FunctionApp\FunctionApp.csproj", "{C0714B8A-6528-4B4E-9D7E-0531B0A7F029}"
EndProject
Global
	GlobalSection(SolutionConfigurationPlatforms) = preSolution
		Debug|Any CPU = Debug|Any CPU
		Debug|x64 = Debug|x64
		Debug|x86 = Debug|x86
		Release|Any CPU = Release|Any CPU
		Release|x64 = Release|x64
		Release|x86 = Release|x86
	EndGlobalSection
	GlobalSection(ProjectConfigurationPlatforms) = postSolution
		{C0714B8A-6528-4B4E-9D7E-0531B0A7F029}.Debug|Any CPU.ActiveCfg = Debug|Any CPU
		{C0714B8A-6528-4B4E-9D7E-0531B0A7F029}.Debug|Any CPU.Build.0 = Debug|Any CPU
		{C0714B8A-6528-4B4E-9D7E-0531B0A7F029}.Debug|x64.ActiveCfg = Debug|Any CPU
		{C0714B8A-6528-4B4E-9D7E-0531B0A7F029}.Debug|x64.Build.0 = Debug|Any CPU
		{C0714B8A-6528-4B4E-9D7E-0531B0A7F029}.Debug|x86.ActiveCfg = Debug|Any CPU
		{C0714B8A-6528-4B4E-9D7E-0531B0A7F029}.Debug|x86.Build.0 = Debug|Any CPU
		{C0714B8A-6528-4B4E-9D7E-0531B0A7F029}.Release|Any CPU.ActiveCfg = Release|Any CPU
		{C0714B8A-6528-4B4E-9D7E-0531B0A7F029}.Release|Any CPU.Build.0 = Release|Any CPU
		{C0714B8A-6528-4B4E-9D7E-0531B0A7F029}.Release|x64.ActiveCfg = Release|Any CPU
		{C0714B8A-6528-4B4E-9D7E-0531B0A7F029}.Release|x64.Build.0 = Release|Any CPU
		{C0714B8A-6528-4B4E-9D7E-0531B0A7F029}.Release|x86.ActiveCfg = Release|Any CPU
		{C0714B8A-6528-4B4E-9D7E-0531B0A7F029}.Release|x86.Build.0 = Release|Any CPU
	EndGlobalSection
	GlobalSection(SolutionProperties) = preSolution
		HideSolutionNode = FALSE
	EndGlobalSection
	GlobalSection(ExtensibilityGlobals) = postSolution
		SolutionGuid = {BFE9A283-1424-42FB-B857-D38408AF2394}
	EndGlobalSection
EndGlobal
